
Microsoft Visual Studio Solution File, Format Version 12.00
# Visual Studio 15
VisualStudioVersion = 15.0.27130.2027
MinimumVisualStudioVersion = 10.0.40219.1
Project("{9A19103F-16F7-4668-BE54-9A1E7A4F7556}") = "MLPoc.TimeSeriesPublisher", "MLPoc.TimeSeriesPublisher\MLPoc.TimeSeriesPublisher.csproj", "{9AB7B81C-F156-468A-A93D-A620D639AEF5}"
EndProject
Project("{9A19103F-16F7-4668-BE54-9A1E7A4F7556}") = "MLPoc.TimeSeriesPublisher.Console", "MLPoc.TimeSeriesPublisher.Console\MLPoc.TimeSeriesPublisher.Console.csproj", "{A5278F5C-64AE-426C-AB37-37E1E625EEC2}"
EndProject
Project("{FAE04EC0-301F-11D3-BF4B-00C04F79EFBC}") = "MLPoc.TimeSeriesAggregator", "MLPoc.TimeSeriesAggregator\MLPoc.TimeSeriesAggregator.csproj", "{7A4FAB44-E0D0-41AF-A8AF-167C7665F6C6}"
EndProject
Project("{FAE04EC0-301F-11D3-BF4B-00C04F79EFBC}") = "MLPoc.TimeSeriesAggregator.Console", "MLPoc.TimeSeriesAggregator.Console\MLPoc.TimeSeriesAggregator.Console.csproj", "{D50A2D57-11C9-4A7F-90E8-4E9E1965FFD5}"
EndProject
Project("{FAE04EC0-301F-11D3-BF4B-00C04F79EFBC}") = "MLPoc.FeatureExtractor.Console", "MLPoc.FeatureExtractor.Console\MLPoc.FeatureExtractor.Console.csproj", "{6DD6128D-77D0-4BDF-9CE3-09FA32CBC02D}"
EndProject
Project("{FAE04EC0-301F-11D3-BF4B-00C04F79EFBC}") = "MLPoc.FeatureExtractor", "MLPoc.FeatureExtractor\MLPoc.FeatureExtractor.csproj", "{00A5A27F-0BAD-4345-AD68-E57DC9416752}"
EndProject
Global
	GlobalSection(SolutionConfigurationPlatforms) = preSolution
		Debug|Any CPU = Debug|Any CPU
		Release|Any CPU = Release|Any CPU
	EndGlobalSection
	GlobalSection(ProjectConfigurationPlatforms) = postSolution
		{9AB7B81C-F156-468A-A93D-A620D639AEF5}.Debug|Any CPU.ActiveCfg = Debug|Any CPU
		{9AB7B81C-F156-468A-A93D-A620D639AEF5}.Debug|Any CPU.Build.0 = Debug|Any CPU
		{9AB7B81C-F156-468A-A93D-A620D639AEF5}.Release|Any CPU.ActiveCfg = Release|Any CPU
		{9AB7B81C-F156-468A-A93D-A620D639AEF5}.Release|Any CPU.Build.0 = Release|Any CPU
		{A5278F5C-64AE-426C-AB37-37E1E625EEC2}.Debug|Any CPU.ActiveCfg = Debug|Any CPU
		{A5278F5C-64AE-426C-AB37-37E1E625EEC2}.Debug|Any CPU.Build.0 = Debug|Any CPU
		{A5278F5C-64AE-426C-AB37-37E1E625EEC2}.Release|Any CPU.ActiveCfg = Release|Any CPU
		{A5278F5C-64AE-426C-AB37-37E1E625EEC2}.Release|Any CPU.Build.0 = Release|Any CPU
		{7A4FAB44-E0D0-41AF-A8AF-167C7665F6C6}.Debug|Any CPU.ActiveCfg = Debug|Any CPU
		{7A4FAB44-E0D0-41AF-A8AF-167C7665F6C6}.Debug|Any CPU.Build.0 = Debug|Any CPU
		{7A4FAB44-E0D0-41AF-A8AF-167C7665F6C6}.Release|Any CPU.ActiveCfg = Release|Any CPU
		{7A4FAB44-E0D0-41AF-A8AF-167C7665F6C6}.Release|Any CPU.Build.0 = Release|Any CPU
		{D50A2D57-11C9-4A7F-90E8-4E9E1965FFD5}.Debug|Any CPU.ActiveCfg = Debug|Any CPU
		{D50A2D57-11C9-4A7F-90E8-4E9E1965FFD5}.Debug|Any CPU.Build.0 = Debug|Any CPU
		{D50A2D57-11C9-4A7F-90E8-4E9E1965FFD5}.Release|Any CPU.ActiveCfg = Release|Any CPU
		{D50A2D57-11C9-4A7F-90E8-4E9E1965FFD5}.Release|Any CPU.Build.0 = Release|Any CPU
		{6DD6128D-77D0-4BDF-9CE3-09FA32CBC02D}.Debug|Any CPU.ActiveCfg = Debug|Any CPU
		{6DD6128D-77D0-4BDF-9CE3-09FA32CBC02D}.Debug|Any CPU.Build.0 = Debug|Any CPU
		{6DD6128D-77D0-4BDF-9CE3-09FA32CBC02D}.Release|Any CPU.ActiveCfg = Release|Any CPU
		{6DD6128D-77D0-4BDF-9CE3-09FA32CBC02D}.Release|Any CPU.Build.0 = Release|Any CPU
		{00A5A27F-0BAD-4345-AD68-E57DC9416752}.Debug|Any CPU.ActiveCfg = Debug|Any CPU
		{00A5A27F-0BAD-4345-AD68-E57DC9416752}.Debug|Any CPU.Build.0 = Debug|Any CPU
		{00A5A27F-0BAD-4345-AD68-E57DC9416752}.Release|Any CPU.ActiveCfg = Release|Any CPU
		{00A5A27F-0BAD-4345-AD68-E57DC9416752}.Release|Any CPU.Build.0 = Release|Any CPU
	EndGlobalSection
	GlobalSection(SolutionProperties) = preSolution
		HideSolutionNode = FALSE
	EndGlobalSection
	GlobalSection(ExtensibilityGlobals) = postSolution
		SolutionGuid = {9C161AC5-2C51-4C04-B0A3-97006F22D03D}
	EndGlobalSection
EndGlobal
