
Microsoft Visual Studio Solution File, Format Version 12.00
# Visual Studio 15
VisualStudioVersion = 15.0.27130.2027
MinimumVisualStudioVersion = 10.0.40219.1
Project("{9A19103F-16F7-4668-BE54-9A1E7A4F7556}") = "MLPoc.TimeSeriesPublisher", "MLPoc.TimeSeriesPublisher\MLPoc.TimeSeriesPublisher.csproj", "{9AB7B81C-F156-468A-A93D-A620D639AEF5}"
EndProject
Project("{9A19103F-16F7-4668-BE54-9A1E7A4F7556}") = "MLPoc.TimeSeriesPublisher.Console", "MLPoc.TimeSeriesPublisher.Console\MLPoc.TimeSeriesPublisher.Console.csproj", "{A5278F5C-64AE-426C-AB37-37E1E625EEC2}"
EndProject
Project("{9A19103F-16F7-4668-BE54-9A1E7A4F7556}") = "MLPoc.TimeSeriesAggregator", "MLPoc.TimeSeriesAggregator\MLPoc.TimeSeriesAggregator.csproj", "{7A4FAB44-E0D0-41AF-A8AF-167C7665F6C6}"
EndProject
Project("{9A19103F-16F7-4668-BE54-9A1E7A4F7556}") = "MLPoc.TimeSeriesAggregator.Console", "MLPoc.TimeSeriesAggregator.Console\MLPoc.TimeSeriesAggregator.Console.csproj", "{D50A2D57-11C9-4A7F-90E8-4E9E1965FFD5}"
EndProject
Project("{9A19103F-16F7-4668-BE54-9A1E7A4F7556}") = "MLPoc.Bus", "MLPoc.Bus\MLPoc.Bus.csproj", "{18D0842E-78F5-4D86-A65F-BEE746C42D47}"
EndProject
Project("{9A19103F-16F7-4668-BE54-9A1E7A4F7556}") = "MLPoc.Bus.Kafka", "MLPoc.Bus.Kafka\MLPoc.Bus.Kafka.csproj", "{EEE40DC0-B358-4DC0-84AD-F7D147D5459B}"
EndProject
Project("{9A19103F-16F7-4668-BE54-9A1E7A4F7556}") = "MLPoc.Common", "MLPoc.Common\MLPoc.Common.csproj", "{CEA3598F-2B4C-4B4E-A3CB-26B78011E9FA}"
EndProject
Project("{FAE04EC0-301F-11D3-BF4B-00C04F79EFBC}") = "MLPoc.Data.Common", "MLPoc.Data.Common\MLPoc.Data.Common.csproj", "{EAEABA15-2FB2-49BE-9068-88077B44F376}"
EndProject
Global
	GlobalSection(SolutionConfigurationPlatforms) = preSolution
		Debug|Any CPU = Debug|Any CPU
		Release|Any CPU = Release|Any CPU
	EndGlobalSection
	GlobalSection(ProjectConfigurationPlatforms) = postSolution
		{9AB7B81C-F156-468A-A93D-A620D639AEF5}.Debug|Any CPU.ActiveCfg = Debug|Any CPU
		{9AB7B81C-F156-468A-A93D-A620D639AEF5}.Debug|Any CPU.Build.0 = Debug|Any CPU
		{9AB7B81C-F156-468A-A93D-A620D639AEF5}.Release|Any CPU.ActiveCfg = Release|Any CPU
		{9AB7B81C-F156-468A-A93D-A620D639AEF5}.Release|Any CPU.Build.0 = Release|Any CPU
		{A5278F5C-64AE-426C-AB37-37E1E625EEC2}.Debug|Any CPU.ActiveCfg = Debug|Any CPU
		{A5278F5C-64AE-426C-AB37-37E1E625EEC2}.Debug|Any CPU.Build.0 = Debug|Any CPU
		{A5278F5C-64AE-426C-AB37-37E1E625EEC2}.Release|Any CPU.ActiveCfg = Release|Any CPU
		{A5278F5C-64AE-426C-AB37-37E1E625EEC2}.Release|Any CPU.Build.0 = Release|Any CPU
		{7A4FAB44-E0D0-41AF-A8AF-167C7665F6C6}.Debug|Any CPU.ActiveCfg = Debug|Any CPU
		{7A4FAB44-E0D0-41AF-A8AF-167C7665F6C6}.Debug|Any CPU.Build.0 = Debug|Any CPU
		{7A4FAB44-E0D0-41AF-A8AF-167C7665F6C6}.Release|Any CPU.ActiveCfg = Release|Any CPU
		{7A4FAB44-E0D0-41AF-A8AF-167C7665F6C6}.Release|Any CPU.Build.0 = Release|Any CPU
		{D50A2D57-11C9-4A7F-90E8-4E9E1965FFD5}.Debug|Any CPU.ActiveCfg = Debug|Any CPU
		{D50A2D57-11C9-4A7F-90E8-4E9E1965FFD5}.Debug|Any CPU.Build.0 = Debug|Any CPU
		{D50A2D57-11C9-4A7F-90E8-4E9E1965FFD5}.Release|Any CPU.ActiveCfg = Release|Any CPU
		{D50A2D57-11C9-4A7F-90E8-4E9E1965FFD5}.Release|Any CPU.Build.0 = Release|Any CPU
		{18D0842E-78F5-4D86-A65F-BEE746C42D47}.Debug|Any CPU.ActiveCfg = Debug|Any CPU
		{18D0842E-78F5-4D86-A65F-BEE746C42D47}.Debug|Any CPU.Build.0 = Debug|Any CPU
		{18D0842E-78F5-4D86-A65F-BEE746C42D47}.Release|Any CPU.ActiveCfg = Release|Any CPU
		{18D0842E-78F5-4D86-A65F-BEE746C42D47}.Release|Any CPU.Build.0 = Release|Any CPU
		{EEE40DC0-B358-4DC0-84AD-F7D147D5459B}.Debug|Any CPU.ActiveCfg = Debug|Any CPU
		{EEE40DC0-B358-4DC0-84AD-F7D147D5459B}.Debug|Any CPU.Build.0 = Debug|Any CPU
		{EEE40DC0-B358-4DC0-84AD-F7D147D5459B}.Release|Any CPU.ActiveCfg = Release|Any CPU
		{EEE40DC0-B358-4DC0-84AD-F7D147D5459B}.Release|Any CPU.Build.0 = Release|Any CPU
		{CEA3598F-2B4C-4B4E-A3CB-26B78011E9FA}.Debug|Any CPU.ActiveCfg = Debug|Any CPU
		{CEA3598F-2B4C-4B4E-A3CB-26B78011E9FA}.Debug|Any CPU.Build.0 = Debug|Any CPU
		{CEA3598F-2B4C-4B4E-A3CB-26B78011E9FA}.Release|Any CPU.ActiveCfg = Release|Any CPU
		{CEA3598F-2B4C-4B4E-A3CB-26B78011E9FA}.Release|Any CPU.Build.0 = Release|Any CPU
		{EAEABA15-2FB2-49BE-9068-88077B44F376}.Debug|Any CPU.ActiveCfg = Debug|Any CPU
		{EAEABA15-2FB2-49BE-9068-88077B44F376}.Debug|Any CPU.Build.0 = Debug|Any CPU
		{EAEABA15-2FB2-49BE-9068-88077B44F376}.Release|Any CPU.ActiveCfg = Release|Any CPU
		{EAEABA15-2FB2-49BE-9068-88077B44F376}.Release|Any CPU.Build.0 = Release|Any CPU
	EndGlobalSection
	GlobalSection(SolutionProperties) = preSolution
		HideSolutionNode = FALSE
	EndGlobalSection
	GlobalSection(ExtensibilityGlobals) = postSolution
		SolutionGuid = {9C161AC5-2C51-4C04-B0A3-97006F22D03D}
	EndGlobalSection
EndGlobal
